
Microsoft Visual Studio Solution File, Format Version 12.00
# Visual Studio Version 16
VisualStudioVersion = 16.0.30611.23
MinimumVisualStudioVersion = 10.0.40219.1
Project("{FAE04EC0-301F-11D3-BF4B-00C04F79EFBC}") = "StacyDavis_Project3_SelfCheckoutMachine", "StacyDavis_Project3_SelfCheckoutMachine\StacyDavis_Project3_SelfCheckoutMachine.csproj", "{8299F842-5A2F-42EE-AEDE-A6802ECBC8A5}"
EndProject
Global
	GlobalSection(SolutionConfigurationPlatforms) = preSolution
		Debug|Any CPU = Debug|Any CPU
		Release|Any CPU = Release|Any CPU
	EndGlobalSection
	GlobalSection(ProjectConfigurationPlatforms) = postSolution
		{8299F842-5A2F-42EE-AEDE-A6802ECBC8A5}.Debug|Any CPU.ActiveCfg = Debug|Any CPU
		{8299F842-5A2F-42EE-AEDE-A6802ECBC8A5}.Debug|Any CPU.Build.0 = Debug|Any CPU
		{8299F842-5A2F-42EE-AEDE-A6802ECBC8A5}.Release|Any CPU.ActiveCfg = Release|Any CPU
		{8299F842-5A2F-42EE-AEDE-A6802ECBC8A5}.Release|Any CPU.Build.0 = Release|Any CPU
	EndGlobalSection
	GlobalSection(SolutionProperties) = preSolution
		HideSolutionNode = FALSE
	EndGlobalSection
	GlobalSection(ExtensibilityGlobals) = postSolution
		SolutionGuid = {5C5556AF-1EF5-44E1-B4AF-18CE03C4C166}
	EndGlobalSection
EndGlobal
