
Microsoft Visual Studio Solution File, Format Version 12.00
# Visual Studio Version 16
VisualStudioVersion = 16.0.30523.141
MinimumVisualStudioVersion = 10.0.40219.1
Project("{FAE04EC0-301F-11D3-BF4B-00C04F79EFBC}") = "StacyDavis-Project2-Blackjack", "StacyDavis-Project2-Blackjack\StacyDavis-Project2-Blackjack.csproj", "{1CF1F043-B731-4556-8059-973D0E6A9047}"
EndProject
Global
	GlobalSection(SolutionConfigurationPlatforms) = preSolution
		Debug|Any CPU = Debug|Any CPU
		Release|Any CPU = Release|Any CPU
	EndGlobalSection
	GlobalSection(ProjectConfigurationPlatforms) = postSolution
		{1CF1F043-B731-4556-8059-973D0E6A9047}.Debug|Any CPU.ActiveCfg = Debug|Any CPU
		{1CF1F043-B731-4556-8059-973D0E6A9047}.Debug|Any CPU.Build.0 = Debug|Any CPU
		{1CF1F043-B731-4556-8059-973D0E6A9047}.Release|Any CPU.ActiveCfg = Release|Any CPU
		{1CF1F043-B731-4556-8059-973D0E6A9047}.Release|Any CPU.Build.0 = Release|Any CPU
	EndGlobalSection
	GlobalSection(SolutionProperties) = preSolution
		HideSolutionNode = FALSE
	EndGlobalSection
	GlobalSection(ExtensibilityGlobals) = postSolution
		SolutionGuid = {E582ED32-A149-4C52-B184-32ECD96AD642}
	EndGlobalSection
EndGlobal
