
Microsoft Visual Studio Solution File, Format Version 12.00
# Visual Studio Version 16
VisualStudioVersion = 16.0.30611.23
MinimumVisualStudioVersion = 10.0.40219.1
Project("{FAE04EC0-301F-11D3-BF4B-00C04F79EFBC}") = "StacyDavis_Project4_DBMS", "StacyDavis_Project4_DBMS\StacyDavis_Project4_DBMS.csproj", "{7416F9B7-398F-45E6-9796-99BB7A996CF3}"
EndProject
Global
	GlobalSection(SolutionConfigurationPlatforms) = preSolution
		Debug|Any CPU = Debug|Any CPU
		Release|Any CPU = Release|Any CPU
	EndGlobalSection
	GlobalSection(ProjectConfigurationPlatforms) = postSolution
		{7416F9B7-398F-45E6-9796-99BB7A996CF3}.Debug|Any CPU.ActiveCfg = Debug|Any CPU
		{7416F9B7-398F-45E6-9796-99BB7A996CF3}.Debug|Any CPU.Build.0 = Debug|Any CPU
		{7416F9B7-398F-45E6-9796-99BB7A996CF3}.Release|Any CPU.ActiveCfg = Release|Any CPU
		{7416F9B7-398F-45E6-9796-99BB7A996CF3}.Release|Any CPU.Build.0 = Release|Any CPU
	EndGlobalSection
	GlobalSection(SolutionProperties) = preSolution
		HideSolutionNode = FALSE
	EndGlobalSection
	GlobalSection(ExtensibilityGlobals) = postSolution
		SolutionGuid = {538500BD-9734-4FD4-A42F-C84F1901C9B0}
	EndGlobalSection
EndGlobal
